// !$*UTF8*$!
{
	archiveVersion = 1;
	classes = {
	};
	objectVersion = 46;
	objects = {

/* Begin PBXBuildFile section */
		01B36435C2FF32C9E3892A54 /* UserAccount.swift in Sources */ = {isa = PBXBuildFile; fileRef = 63FC4BBB72672AC967FC38F9 /* UserAccount.swift */; };
		01CD6A6A20092D39C9A47235 /* SprayWallApp.swift in Sources */ = {isa = PBXBuildFile; fileRef = CF0DF92EACAC102E7106CC37 /* SprayWallApp.swift */; };
		023C62C06E12DD145BD66317 /* AppModel.swift in Sources */ = {isa = PBXBuildFile; fileRef = 7535C4851D4B8DAD83220E62 /* AppModel.swift */; };
		023C9B6ACB834C68B10E3B8B /* HoldMarkerView.swift in Sources */ = {isa = PBXBuildFile; fileRef = 96A30FFE7FDDCA2B9F5A5B86 /* HoldMarkerView.swift */; };
		0541A92F5777197C0981F269 /* HoldMigrationService.swift in Sources */ = {isa = PBXBuildFile; fileRef = FAD173120D8D1CC8D0B2DBC3 /* HoldMigrationService.swift */; };
		064E91526154A22F2A235D7F /* HoldMigrationService.swift in Sources */ = {isa = PBXBuildFile; fileRef = FAD173120D8D1CC8D0B2DBC3 /* HoldMigrationService.swift */; };
		0AACF617B9A1C6DA6B89F3B1 /* CSVIntCodecTests.swift in Sources */ = {isa = PBXBuildFile; fileRef = FC1784743469CAA9170FC4F9 /* CSVIntCodecTests.swift */; };
		0BD972268E18EF1147807979 /* RootView.swift in Sources */ = {isa = PBXBuildFile; fileRef = E095ED7BBB6166436B5DCCDF /* RootView.swift */; };
		0C9358C537D719EB58DDDAC5 /* ProjectArchiveService.swift in Sources */ = {isa = PBXBuildFile; fileRef = AA438C4FAD7B7FCA75249E4A /* ProjectArchiveService.swift */; };
		11230505FD69166EF4E64A75 /* CSVIntCodec.swift in Sources */ = {isa = PBXBuildFile; fileRef = 1E8B11FC07D49D6976E49D1A /* CSVIntCodec.swift */; };
		1F4FD93C51BA2C505E30AD74 /* Hold.swift in Sources */ = {isa = PBXBuildFile; fileRef = E4245CD8F69011E75C455B29 /* Hold.swift */; };
		1F7FF2EC44DD8BF7260D2EDF /* ImageRectificationService.swift in Sources */ = {isa = PBXBuildFile; fileRef = D4CD53B5C673F58122C09983 /* ImageRectificationService.swift */; };
		1FBACBE3E2B532A86AB9101E /* RouteEditorView.swift in Sources */ = {isa = PBXBuildFile; fileRef = 52E2E1BBCC90234E29C3B9AE /* RouteEditorView.swift */; };
		2219E5D2D32E31E859F92A55 /* IDService.swift in Sources */ = {isa = PBXBuildFile; fileRef = BA280A0C5A899C9BF6914FBB /* IDService.swift */; };
		27B1C0D16A36E8719D5DD01A /* RootView.swift in Sources */ = {isa = PBXBuildFile; fileRef = E095ED7BBB6166436B5DCCDF /* RootView.swift */; };
		2A14969413F49ACFED98B5C6 /* WallProjectPaths.swift in Sources */ = {isa = PBXBuildFile; fileRef = C64873F5909D06C6A1E7E443 /* WallProjectPaths.swift */; };
		2AD2ED5DA7D39F936DB9F325 /* Route.swift in Sources */ = {isa = PBXBuildFile; fileRef = 874688D6E58FF7500FE07A19 /* Route.swift */; };
		2B9045989E73D7591B781168 /* HoldDetailView.swift in Sources */ = {isa = PBXBuildFile; fileRef = F6405320676321132FFA9335 /* HoldDetailView.swift */; };
		3770325321CA9DDD5370598F /* Attempt.swift in Sources */ = {isa = PBXBuildFile; fileRef = 813783A81FF9B3080A81EB6C /* Attempt.swift */; };
		3DC3311881BDAEAD75C72ED3 /* WallSpec.swift in Sources */ = {isa = PBXBuildFile; fileRef = 1F500C25190D3500A33B9141 /* WallSpec.swift */; };
		40D25C4348E5CF785C7819B7 /* SettingsView.swift in Sources */ = {isa = PBXBuildFile; fileRef = 32206D4397CCE3542C8AB54C /* SettingsView.swift */; };
		47229E0F78AA2D2C0DBCCD72 /* WallSpec.swift in Sources */ = {isa = PBXBuildFile; fileRef = 1F500C25190D3500A33B9141 /* WallSpec.swift */; };
		49B13B652909C187B07460BD /* AppModel.swift in Sources */ = {isa = PBXBuildFile; fileRef = 7535C4851D4B8DAD83220E62 /* AppModel.swift */; };
		4A07D93D0F28584A86F6472F /* SprayWallApp.swift in Sources */ = {isa = PBXBuildFile; fileRef = CF0DF92EACAC102E7106CC37 /* SprayWallApp.swift */; };
		4B14265540DFB96ABDF4B037 /* SettingsView.swift in Sources */ = {isa = PBXBuildFile; fileRef = 32206D4397CCE3542C8AB54C /* SettingsView.swift */; };
		5FA212DB655EF9EBF12DA141 /* ModelIdentifiableExtensions.swift in Sources */ = {isa = PBXBuildFile; fileRef = 1AE02C6AEAEA97C92116292C /* ModelIdentifiableExtensions.swift */; };
		60B6E47B67992D838BD5E76B /* ModelIdentifiableExtensions.swift in Sources */ = {isa = PBXBuildFile; fileRef = 1AE02C6AEAEA97C92116292C /* ModelIdentifiableExtensions.swift */; };
		7208B3DAFFC49664C7A953BC /* RouteDetailView.swift in Sources */ = {isa = PBXBuildFile; fileRef = CF17739A9EEE8C0DF6C90A0C /* RouteDetailView.swift */; };
		72132D892C7A1C416C8F2C3E /* HoldDetailView.swift in Sources */ = {isa = PBXBuildFile; fileRef = F6405320676321132FFA9335 /* HoldDetailView.swift */; };
		72D1D1AFD873F2DE4E5CA0EF /* HoldMarkerView.swift in Sources */ = {isa = PBXBuildFile; fileRef = 96A30FFE7FDDCA2B9F5A5B86 /* HoldMarkerView.swift */; };
		742B9CEF4117A3F7E17EC8E9 /* CalibrationView.swift in Sources */ = {isa = PBXBuildFile; fileRef = 3D27B9320C7EBCEBCB8CB899 /* CalibrationView.swift */; };
		74B1DEA3229E9A60154579CA /* DomainEnums.swift in Sources */ = {isa = PBXBuildFile; fileRef = 1F906E31B9DA8475E4B373A0 /* DomainEnums.swift */; };
		782CE6780472496881D8C76E /* ImageRectificationService.swift in Sources */ = {isa = PBXBuildFile; fileRef = D4CD53B5C673F58122C09983 /* ImageRectificationService.swift */; };
		7B72C542F833265F8AEAF903 /* BoulderEditorView.swift in Sources */ = {isa = PBXBuildFile; fileRef = DDAFBFFCB336398D177327F9 /* BoulderEditorView.swift */; };
		7D3636E3CA9B3F21789C3062 /* Cocoa.framework in Frameworks */ = {isa = PBXBuildFile; fileRef = 5F2199E8AA09A50754DB3661 /* Cocoa.framework */; };
		83487983BCC83CD7A5820CFC /* AttemptLoggerView.swift in Sources */ = {isa = PBXBuildFile; fileRef = A3BCCEF63057A03FC1569DB1 /* AttemptLoggerView.swift */; };
		8A9762BED1A2CFE1F6B293F9 /* ProjectArchiveService.swift in Sources */ = {isa = PBXBuildFile; fileRef = AA438C4FAD7B7FCA75249E4A /* ProjectArchiveService.swift */; };
		8B9B48DB31AEC9CAB0A23336 /* Foundation.framework in Frameworks */ = {isa = PBXBuildFile; fileRef = 7A48A1B7B5A348FDB5913A68 /* Foundation.framework */; };
		8BE275574074AE4B5A3CACF7 /* CalibrationPoint.swift in Sources */ = {isa = PBXBuildFile; fileRef = 75AF72BC18755160B4386511 /* CalibrationPoint.swift */; };
		9571FE9B485E411403546C48 /* HoldEditorView.swift in Sources */ = {isa = PBXBuildFile; fileRef = 5346064736FD3A08C91A00D4 /* HoldEditorView.swift */; };
		98184D12E97F1CC356A64FDB /* HoldEditorView.swift in Sources */ = {isa = PBXBuildFile; fileRef = 5346064736FD3A08C91A00D4 /* HoldEditorView.swift */; };
		99A300AF66906C180770A794 /* AuthService.swift in Sources */ = {isa = PBXBuildFile; fileRef = 9E719E5FBE3D98509D05D93B /* AuthService.swift */; };
		A3EE054F24DA0A7A139079E3 /* AuthService.swift in Sources */ = {isa = PBXBuildFile; fileRef = 9E719E5FBE3D98509D05D93B /* AuthService.swift */; };
		A7DA973A90A9C54EB35B4775 /* WallCalibration.swift in Sources */ = {isa = PBXBuildFile; fileRef = E460AE9A45804238C1FF9AB0 /* WallCalibration.swift */; };
		AB6A5D9E59FEC53F0E756117 /* WallCalibration.swift in Sources */ = {isa = PBXBuildFile; fileRef = E460AE9A45804238C1FF9AB0 /* WallCalibration.swift */; };
		B0CAD6E5FBE06B0A1E226809 /* Hold.swift in Sources */ = {isa = PBXBuildFile; fileRef = E4245CD8F69011E75C455B29 /* Hold.swift */; };
		B15F2C081D63921E11C065B9 /* RouteDetailView.swift in Sources */ = {isa = PBXBuildFile; fileRef = CF17739A9EEE8C0DF6C90A0C /* RouteDetailView.swift */; };
		B1E159AA28A9A9D02464796B /* WallProjectPaths.swift in Sources */ = {isa = PBXBuildFile; fileRef = C64873F5909D06C6A1E7E443 /* WallProjectPaths.swift */; };
		B2C76EC514D1BF98377B1492 /* AttemptLoggerView.swift in Sources */ = {isa = PBXBuildFile; fileRef = A3BCCEF63057A03FC1569DB1 /* AttemptLoggerView.swift */; };
		B31C772CA5C3F7CD6875A763 /* ImageRectificationServiceTests.swift in Sources */ = {isa = PBXBuildFile; fileRef = DC3681D4D2D64C3B7EEB4A40 /* ImageRectificationServiceTests.swift */; };
		B3993AD1E9DDAC606F862C31 /* RouteEditorView.swift in Sources */ = {isa = PBXBuildFile; fileRef = 52E2E1BBCC90234E29C3B9AE /* RouteEditorView.swift */; };
		B69DBAB6B2B4DF11792E0052 /* IDService.swift in Sources */ = {isa = PBXBuildFile; fileRef = BA280A0C5A899C9BF6914FBB /* IDService.swift */; };
		B95B6CF93BFBC05752DAAAD4 /* BoulderListView.swift in Sources */ = {isa = PBXBuildFile; fileRef = 673AC1BDE3CF81AD9A5006E7 /* BoulderListView.swift */; };
		C1C42A3790F2FC9AABE4DDE6 /* AppTabView.swift in Sources */ = {isa = PBXBuildFile; fileRef = AD56E1865B176310E873CAA3 /* AppTabView.swift */; };
		C227B2AFF406946E31905629 /* BoulderListView.swift in Sources */ = {isa = PBXBuildFile; fileRef = 673AC1BDE3CF81AD9A5006E7 /* BoulderListView.swift */; };
		C8A1E4B860EDBF291863D49F /* AuthView.swift in Sources */ = {isa = PBXBuildFile; fileRef = CA64DA1C985C381FEE29BA6C /* AuthView.swift */; };
		C9D06880663B298DE35CF14D /* AppTabView.swift in Sources */ = {isa = PBXBuildFile; fileRef = AD56E1865B176310E873CAA3 /* AppTabView.swift */; };
		CEED8DCBDDA9D65585348DCE /* Route.swift in Sources */ = {isa = PBXBuildFile; fileRef = 874688D6E58FF7500FE07A19 /* Route.swift */; };
		D2F786E990D69C3E35028589 /* BoulderEditorView.swift in Sources */ = {isa = PBXBuildFile; fileRef = DDAFBFFCB336398D177327F9 /* BoulderEditorView.swift */; };
		D427A973DE4C094A3EB9405F /* CalibrationView.swift in Sources */ = {isa = PBXBuildFile; fileRef = 3D27B9320C7EBCEBCB8CB899 /* CalibrationView.swift */; };
		D6CA5AB69BC527DC5504529A /* Boulder.swift in Sources */ = {isa = PBXBuildFile; fileRef = 0DD0C14E01A082FFE44F581D /* Boulder.swift */; };
		DB19091870DABAA5A78D00B8 /* CalibrationPoint.swift in Sources */ = {isa = PBXBuildFile; fileRef = 75AF72BC18755160B4386511 /* CalibrationPoint.swift */; };
		E9D0B5755F7CA119BBD30E71 /* UserAccount.swift in Sources */ = {isa = PBXBuildFile; fileRef = 63FC4BBB72672AC967FC38F9 /* UserAccount.swift */; };
		EAEF81FC81EA372B261579A3 /* Boulder.swift in Sources */ = {isa = PBXBuildFile; fileRef = 0DD0C14E01A082FFE44F581D /* Boulder.swift */; };
		F0B57C2AEE5A51E808DA787C /* DomainEnums.swift in Sources */ = {isa = PBXBuildFile; fileRef = 1F906E31B9DA8475E4B373A0 /* DomainEnums.swift */; };
		F519142A8AAA0AA7167BE775 /* AuthView.swift in Sources */ = {isa = PBXBuildFile; fileRef = CA64DA1C985C381FEE29BA6C /* AuthView.swift */; };
		F5E9BE31F5A90B0725C0E434 /* Attempt.swift in Sources */ = {isa = PBXBuildFile; fileRef = 813783A81FF9B3080A81EB6C /* Attempt.swift */; };
		FCBCE3836D453105F942B2B3 /* Foundation.framework in Frameworks */ = {isa = PBXBuildFile; fileRef = 7A48A1B7B5A348FDB5913A68 /* Foundation.framework */; };
		FED75A3042C35628CB7086E7 /* CSVIntCodec.swift in Sources */ = {isa = PBXBuildFile; fileRef = 1E8B11FC07D49D6976E49D1A /* CSVIntCodec.swift */; };
/* End PBXBuildFile section */

/* Begin PBXContainerItemProxy section */
		F6EFEAFF0D6C9951E28687B7 /* PBXContainerItemProxy */ = {
			isa = PBXContainerItemProxy;
			containerPortal = 678D03C78DBE3B3CE4267690 /* Project object */;
			proxyType = 1;
			remoteGlobalIDString = 081D017EDB768E8E017DD960;
			remoteInfo = SprayWall;
		};
/* End PBXContainerItemProxy section */

/* Begin PBXFileReference section */
		0DD0C14E01A082FFE44F581D /* Boulder.swift */ = {isa = PBXFileReference; includeInIndex = 1; lastKnownFileType = sourcecode.swift; name = Boulder.swift; path = Sources/SprayWall/Models/Boulder.swift; sourceTree = "<group>"; };
		1AE02C6AEAEA97C92116292C /* ModelIdentifiableExtensions.swift */ = {isa = PBXFileReference; includeInIndex = 1; lastKnownFileType = sourcecode.swift; name = ModelIdentifiableExtensions.swift; path = Sources/SprayWall/Models/ModelIdentifiableExtensions.swift; sourceTree = "<group>"; };
		1E8B11FC07D49D6976E49D1A /* CSVIntCodec.swift */ = {isa = PBXFileReference; includeInIndex = 1; lastKnownFileType = sourcecode.swift; name = CSVIntCodec.swift; path = Sources/SprayWall/Utilities/CSVIntCodec.swift; sourceTree = "<group>"; };
		1F500C25190D3500A33B9141 /* WallSpec.swift */ = {isa = PBXFileReference; includeInIndex = 1; lastKnownFileType = sourcecode.swift; name = WallSpec.swift; path = Sources/SprayWall/Utilities/WallSpec.swift; sourceTree = "<group>"; };
		1F906E31B9DA8475E4B373A0 /* DomainEnums.swift */ = {isa = PBXFileReference; includeInIndex = 1; lastKnownFileType = sourcecode.swift; name = DomainEnums.swift; path = Sources/SprayWall/Models/DomainEnums.swift; sourceTree = "<group>"; };
		2D90C12BF4C6368B42A5CFC4 /* SprayWall-macOS.app */ = {isa = PBXFileReference; explicitFileType = wrapper.application; includeInIndex = 0; path = "SprayWall-macOS.app"; sourceTree = BUILT_PRODUCTS_DIR; };
		32206D4397CCE3542C8AB54C /* SettingsView.swift */ = {isa = PBXFileReference; includeInIndex = 1; lastKnownFileType = sourcecode.swift; name = SettingsView.swift; path = Sources/SprayWall/Views/Settings/SettingsView.swift; sourceTree = "<group>"; };
		3A65C0168A900CFAD0B5F1B8 /* SprayWall.app */ = {isa = PBXFileReference; explicitFileType = wrapper.application; includeInIndex = 0; path = SprayWall.app; sourceTree = BUILT_PRODUCTS_DIR; };
		3D27B9320C7EBCEBCB8CB899 /* CalibrationView.swift */ = {isa = PBXFileReference; includeInIndex = 1; lastKnownFileType = sourcecode.swift; name = CalibrationView.swift; path = Sources/SprayWall/Views/Calibration/CalibrationView.swift; sourceTree = "<group>"; };
		52E2E1BBCC90234E29C3B9AE /* RouteEditorView.swift */ = {isa = PBXFileReference; includeInIndex = 1; lastKnownFileType = sourcecode.swift; name = RouteEditorView.swift; path = Sources/SprayWall/Views/Routes/RouteEditorView.swift; sourceTree = "<group>"; };
		5346064736FD3A08C91A00D4 /* HoldEditorView.swift */ = {isa = PBXFileReference; includeInIndex = 1; lastKnownFileType = sourcecode.swift; name = HoldEditorView.swift; path = Sources/SprayWall/Views/Holds/HoldEditorView.swift; sourceTree = "<group>"; };
		5F2199E8AA09A50754DB3661 /* Cocoa.framework */ = {isa = PBXFileReference; lastKnownFileType = wrapper.framework; name = Cocoa.framework; path = Platforms/MacOSX.platform/Developer/SDKs/MacOSX15.0.sdk/System/Library/Frameworks/Cocoa.framework; sourceTree = DEVELOPER_DIR; };
		63FC4BBB72672AC967FC38F9 /* UserAccount.swift */ = {isa = PBXFileReference; includeInIndex = 1; lastKnownFileType = sourcecode.swift; name = UserAccount.swift; path = Sources/SprayWall/Models/UserAccount.swift; sourceTree = "<group>"; };
		673AC1BDE3CF81AD9A5006E7 /* BoulderListView.swift */ = {isa = PBXFileReference; includeInIndex = 1; lastKnownFileType = sourcecode.swift; name = BoulderListView.swift; path = Sources/SprayWall/Views/Boulders/BoulderListView.swift; sourceTree = "<group>"; };
		7535C4851D4B8DAD83220E62 /* AppModel.swift */ = {isa = PBXFileReference; includeInIndex = 1; lastKnownFileType = sourcecode.swift; name = AppModel.swift; path = Sources/SprayWall/App/AppModel.swift; sourceTree = "<group>"; };
		75AF72BC18755160B4386511 /* CalibrationPoint.swift */ = {isa = PBXFileReference; includeInIndex = 1; lastKnownFileType = sourcecode.swift; name = CalibrationPoint.swift; path = Sources/SprayWall/Models/CalibrationPoint.swift; sourceTree = "<group>"; };
		7A48A1B7B5A348FDB5913A68 /* Foundation.framework */ = {isa = PBXFileReference; lastKnownFileType = wrapper.framework; name = Foundation.framework; path = Platforms/iPhoneOS.platform/Developer/SDKs/iPhoneOS18.0.sdk/System/Library/Frameworks/Foundation.framework; sourceTree = DEVELOPER_DIR; };
		813783A81FF9B3080A81EB6C /* Attempt.swift */ = {isa = PBXFileReference; includeInIndex = 1; lastKnownFileType = sourcecode.swift; name = Attempt.swift; path = Sources/SprayWall/Models/Attempt.swift; sourceTree = "<group>"; };
		874688D6E58FF7500FE07A19 /* Route.swift */ = {isa = PBXFileReference; includeInIndex = 1; lastKnownFileType = sourcecode.swift; name = Route.swift; path = Sources/SprayWall/Models/Route.swift; sourceTree = "<group>"; };
		96A30FFE7FDDCA2B9F5A5B86 /* HoldMarkerView.swift */ = {isa = PBXFileReference; includeInIndex = 1; lastKnownFileType = sourcecode.swift; name = HoldMarkerView.swift; path = Sources/SprayWall/Views/Shared/HoldMarkerView.swift; sourceTree = "<group>"; };
		9E719E5FBE3D98509D05D93B /* AuthService.swift */ = {isa = PBXFileReference; includeInIndex = 1; lastKnownFileType = sourcecode.swift; name = AuthService.swift; path = Sources/SprayWall/Services/AuthService.swift; sourceTree = "<group>"; };
		A3BCCEF63057A03FC1569DB1 /* AttemptLoggerView.swift */ = {isa = PBXFileReference; includeInIndex = 1; lastKnownFileType = sourcecode.swift; name = AttemptLoggerView.swift; path = Sources/SprayWall/Views/Attempts/AttemptLoggerView.swift; sourceTree = "<group>"; };
		AA438C4FAD7B7FCA75249E4A /* ProjectArchiveService.swift */ = {isa = PBXFileReference; includeInIndex = 1; lastKnownFileType = sourcecode.swift; name = ProjectArchiveService.swift; path = Sources/SprayWall/Services/ProjectArchiveService.swift; sourceTree = "<group>"; };
		AD56E1865B176310E873CAA3 /* AppTabView.swift */ = {isa = PBXFileReference; includeInIndex = 1; lastKnownFileType = sourcecode.swift; name = AppTabView.swift; path = Sources/SprayWall/App/AppTabView.swift; sourceTree = "<group>"; };
		BA280A0C5A899C9BF6914FBB /* IDService.swift */ = {isa = PBXFileReference; includeInIndex = 1; lastKnownFileType = sourcecode.swift; name = IDService.swift; path = Sources/SprayWall/Services/IDService.swift; sourceTree = "<group>"; };
		C64873F5909D06C6A1E7E443 /* WallProjectPaths.swift */ = {isa = PBXFileReference; includeInIndex = 1; lastKnownFileType = sourcecode.swift; name = WallProjectPaths.swift; path = Sources/SprayWall/Utilities/WallProjectPaths.swift; sourceTree = "<group>"; };
		C817C75CA200AAAEA1EF043D /* SprayWallTests.xctest */ = {isa = PBXFileReference; explicitFileType = wrapper.cfbundle; includeInIndex = 0; path = SprayWallTests.xctest; sourceTree = BUILT_PRODUCTS_DIR; };
		CA64DA1C985C381FEE29BA6C /* AuthView.swift */ = {isa = PBXFileReference; includeInIndex = 1; lastKnownFileType = sourcecode.swift; name = AuthView.swift; path = Sources/SprayWall/Views/Authentication/AuthView.swift; sourceTree = "<group>"; };
		CF0DF92EACAC102E7106CC37 /* SprayWallApp.swift */ = {isa = PBXFileReference; includeInIndex = 1; lastKnownFileType = sourcecode.swift; name = SprayWallApp.swift; path = Sources/SprayWall/App/SprayWallApp.swift; sourceTree = "<group>"; };
		CF17739A9EEE8C0DF6C90A0C /* RouteDetailView.swift */ = {isa = PBXFileReference; includeInIndex = 1; lastKnownFileType = sourcecode.swift; name = RouteDetailView.swift; path = Sources/SprayWall/Views/Routes/RouteDetailView.swift; sourceTree = "<group>"; };
		D4CD53B5C673F58122C09983 /* ImageRectificationService.swift */ = {isa = PBXFileReference; includeInIndex = 1; lastKnownFileType = sourcecode.swift; name = ImageRectificationService.swift; path = Sources/SprayWall/Services/ImageRectificationService.swift; sourceTree = "<group>"; };
		DC3681D4D2D64C3B7EEB4A40 /* ImageRectificationServiceTests.swift */ = {isa = PBXFileReference; includeInIndex = 1; lastKnownFileType = sourcecode.swift; name = ImageRectificationServiceTests.swift; path = Tests/SprayWallTests/ImageRectificationServiceTests.swift; sourceTree = "<group>"; };
		DDAFBFFCB336398D177327F9 /* BoulderEditorView.swift */ = {isa = PBXFileReference; includeInIndex = 1; lastKnownFileType = sourcecode.swift; name = BoulderEditorView.swift; path = Sources/SprayWall/Views/Boulders/BoulderEditorView.swift; sourceTree = "<group>"; };
		E095ED7BBB6166436B5DCCDF /* RootView.swift */ = {isa = PBXFileReference; includeInIndex = 1; lastKnownFileType = sourcecode.swift; name = RootView.swift; path = Sources/SprayWall/App/RootView.swift; sourceTree = "<group>"; };
		E4245CD8F69011E75C455B29 /* Hold.swift */ = {isa = PBXFileReference; includeInIndex = 1; lastKnownFileType = sourcecode.swift; name = Hold.swift; path = Sources/SprayWall/Models/Hold.swift; sourceTree = "<group>"; };
		E460AE9A45804238C1FF9AB0 /* WallCalibration.swift */ = {isa = PBXFileReference; includeInIndex = 1; lastKnownFileType = sourcecode.swift; name = WallCalibration.swift; path = Sources/SprayWall/Models/WallCalibration.swift; sourceTree = "<group>"; };
		F6405320676321132FFA9335 /* HoldDetailView.swift */ = {isa = PBXFileReference; includeInIndex = 1; lastKnownFileType = sourcecode.swift; name = HoldDetailView.swift; path = Sources/SprayWall/Views/Holds/HoldDetailView.swift; sourceTree = "<group>"; };
		FAD173120D8D1CC8D0B2DBC3 /* HoldMigrationService.swift */ = {isa = PBXFileReference; includeInIndex = 1; lastKnownFileType = sourcecode.swift; name = HoldMigrationService.swift; path = Sources/SprayWall/Services/HoldMigrationService.swift; sourceTree = "<group>"; };
		FC1784743469CAA9170FC4F9 /* CSVIntCodecTests.swift */ = {isa = PBXFileReference; includeInIndex = 1; lastKnownFileType = sourcecode.swift; name = CSVIntCodecTests.swift; path = Tests/SprayWallTests/CSVIntCodecTests.swift; sourceTree = "<group>"; };
/* End PBXFileReference section */

/* Begin PBXFrameworksBuildPhase section */
		25E5F52543119C8CBB355A01 /* Frameworks */ = {
			isa = PBXFrameworksBuildPhase;
			buildActionMask = 2147483647;
			files = (
				FCBCE3836D453105F942B2B3 /* Foundation.framework in Frameworks */,
			);
			runOnlyForDeploymentPostprocessing = 0;
		};
		880EE4421EF65C7FE89EB5BC /* Frameworks */ = {
			isa = PBXFrameworksBuildPhase;
			buildActionMask = 2147483647;
			files = (
				7D3636E3CA9B3F21789C3062 /* Cocoa.framework in Frameworks */,
			);
			runOnlyForDeploymentPostprocessing = 0;
		};
		AE2799458384A205605499E2 /* Frameworks */ = {
			isa = PBXFrameworksBuildPhase;
			buildActionMask = 2147483647;
			files = (
				8B9B48DB31AEC9CAB0A23336 /* Foundation.framework in Frameworks */,
			);
			runOnlyForDeploymentPostprocessing = 0;
		};
/* End PBXFrameworksBuildPhase section */

/* Begin PBXGroup section */
		2DF4B6B4568E3CE465FFC765 /* Tests */ = {
			isa = PBXGroup;
			children = (
			);
			name = Tests;
			sourceTree = "<group>";
		};
		677682EAD5F8ED5A45ED529D /* Sources */ = {
			isa = PBXGroup;
			children = (
			);
			name = Sources;
			sourceTree = "<group>";
		};
		6F8627B51D8CE9EBC99F5C51 /* OS X */ = {
			isa = PBXGroup;
			children = (
				5F2199E8AA09A50754DB3661 /* Cocoa.framework */,
			);
			name = "OS X";
			sourceTree = "<group>";
		};
		7790A140C8FDAD7840E35920 /* Frameworks */ = {
			isa = PBXGroup;
			children = (
				CD7B0192525A29CD91C5CCFE /* iOS */,
				6F8627B51D8CE9EBC99F5C51 /* OS X */,
			);
			name = Frameworks;
			sourceTree = "<group>";
		};
		90B6385A2F854D023CDCC9D2 = {
			isa = PBXGroup;
			children = (
				D81C73C4569B963EE53E9BEC /* Products */,
				7790A140C8FDAD7840E35920 /* Frameworks */,
				677682EAD5F8ED5A45ED529D /* Sources */,
				2DF4B6B4568E3CE465FFC765 /* Tests */,
				7535C4851D4B8DAD83220E62 /* AppModel.swift */,
				AD56E1865B176310E873CAA3 /* AppTabView.swift */,
				E095ED7BBB6166436B5DCCDF /* RootView.swift */,
				CF0DF92EACAC102E7106CC37 /* SprayWallApp.swift */,
				813783A81FF9B3080A81EB6C /* Attempt.swift */,
				0DD0C14E01A082FFE44F581D /* Boulder.swift */,
				75AF72BC18755160B4386511 /* CalibrationPoint.swift */,
				1F906E31B9DA8475E4B373A0 /* DomainEnums.swift */,
				E4245CD8F69011E75C455B29 /* Hold.swift */,
				1AE02C6AEAEA97C92116292C /* ModelIdentifiableExtensions.swift */,
				874688D6E58FF7500FE07A19 /* Route.swift */,
				63FC4BBB72672AC967FC38F9 /* UserAccount.swift */,
				E460AE9A45804238C1FF9AB0 /* WallCalibration.swift */,
				9E719E5FBE3D98509D05D93B /* AuthService.swift */,
				FAD173120D8D1CC8D0B2DBC3 /* HoldMigrationService.swift */,
				BA280A0C5A899C9BF6914FBB /* IDService.swift */,
				D4CD53B5C673F58122C09983 /* ImageRectificationService.swift */,
				AA438C4FAD7B7FCA75249E4A /* ProjectArchiveService.swift */,
				1E8B11FC07D49D6976E49D1A /* CSVIntCodec.swift */,
				C64873F5909D06C6A1E7E443 /* WallProjectPaths.swift */,
				1F500C25190D3500A33B9141 /* WallSpec.swift */,
				A3BCCEF63057A03FC1569DB1 /* AttemptLoggerView.swift */,
				CA64DA1C985C381FEE29BA6C /* AuthView.swift */,
				DDAFBFFCB336398D177327F9 /* BoulderEditorView.swift */,
				673AC1BDE3CF81AD9A5006E7 /* BoulderListView.swift */,
				3D27B9320C7EBCEBCB8CB899 /* CalibrationView.swift */,
				F6405320676321132FFA9335 /* HoldDetailView.swift */,
				5346064736FD3A08C91A00D4 /* HoldEditorView.swift */,
				CF17739A9EEE8C0DF6C90A0C /* RouteDetailView.swift */,
				52E2E1BBCC90234E29C3B9AE /* RouteEditorView.swift */,
				32206D4397CCE3542C8AB54C /* SettingsView.swift */,
				96A30FFE7FDDCA2B9F5A5B86 /* HoldMarkerView.swift */,
				FC1784743469CAA9170FC4F9 /* CSVIntCodecTests.swift */,
				DC3681D4D2D64C3B7EEB4A40 /* ImageRectificationServiceTests.swift */,
			);
			sourceTree = "<group>";
		};
		CD7B0192525A29CD91C5CCFE /* iOS */ = {
			isa = PBXGroup;
			children = (
				7A48A1B7B5A348FDB5913A68 /* Foundation.framework */,
			);
			name = iOS;
			sourceTree = "<group>";
		};
		D81C73C4569B963EE53E9BEC /* Products */ = {
			isa = PBXGroup;
			children = (
				3A65C0168A900CFAD0B5F1B8 /* SprayWall.app */,
				2D90C12BF4C6368B42A5CFC4 /* SprayWall-macOS.app */,
				C817C75CA200AAAEA1EF043D /* SprayWallTests.xctest */,
			);
			name = Products;
			sourceTree = "<group>";
		};
/* End PBXGroup section */

/* Begin PBXNativeTarget section */
		081D017EDB768E8E017DD960 /* SprayWall */ = {
			isa = PBXNativeTarget;
			buildConfigurationList = 8F39BCD459007DFD4ACE177F /* Build configuration list for PBXNativeTarget "SprayWall" */;
			buildPhases = (
				EEA522057852B06E782B6C0F /* Sources */,
				25E5F52543119C8CBB355A01 /* Frameworks */,
				E0FEF8DDED9260614B9C19CD /* Resources */,
			);
			buildRules = (
			);
			dependencies = (
			);
			name = SprayWall;
			productName = SprayWall;
			productReference = 3A65C0168A900CFAD0B5F1B8 /* SprayWall.app */;
			productType = "com.apple.product-type.application";
		};
		762B9EF12B726A81BD102217 /* SprayWallTests */ = {
			isa = PBXNativeTarget;
			buildConfigurationList = 4D6DD4736EFD3B259D6DB10C /* Build configuration list for PBXNativeTarget "SprayWallTests" */;
			buildPhases = (
				7F823836D49BE8A9479DE651 /* Sources */,
				AE2799458384A205605499E2 /* Frameworks */,
				D9EECD55070A4D71C6C8392D /* Resources */,
			);
			buildRules = (
			);
			dependencies = (
				5141CF3EC4A614929FD5A503 /* PBXTargetDependency */,
			);
			name = SprayWallTests;
			productName = SprayWallTests;
			productReference = C817C75CA200AAAEA1EF043D /* SprayWallTests.xctest */;
			productType = "com.apple.product-type.bundle.unit-test";
		};
		DFB921E5759565457D4E2584 /* SprayWall-macOS */ = {
			isa = PBXNativeTarget;
			buildConfigurationList = 2DF14752922592F519036EF7 /* Build configuration list for PBXNativeTarget "SprayWall-macOS" */;
			buildPhases = (
				E72B66EF90B4A5A88693CA1C /* Sources */,
				880EE4421EF65C7FE89EB5BC /* Frameworks */,
				51813A185A714ACA12695553 /* Resources */,
			);
			buildRules = (
			);
			dependencies = (
			);
			name = "SprayWall-macOS";
			productName = "SprayWall-macOS";
			productReference = 2D90C12BF4C6368B42A5CFC4 /* SprayWall-macOS.app */;
			productType = "com.apple.product-type.application";
		};
/* End PBXNativeTarget section */

/* Begin PBXProject section */
		678D03C78DBE3B3CE4267690 /* Project object */ = {
			isa = PBXProject;
			attributes = {
				LastSwiftUpdateCheck = 2640;
				LastUpgradeCheck = 2640;
			};
			buildConfigurationList = 2FFEEB195A4978B7977E8377 /* Build configuration list for PBXProject "SprayWall" */;
			compatibilityVersion = "Xcode 3.2";
			developmentRegion = en;
			hasScannedForEncodings = 0;
			knownRegions = (
				en,
				Base,
			);
			mainGroup = 90B6385A2F854D023CDCC9D2;
			minimizedProjectReferenceProxies = 0;
			preferredProjectObjectVersion = 77;
			productRefGroup = D81C73C4569B963EE53E9BEC /* Products */;
			projectDirPath = "";
			projectRoot = "";
			targets = (
				081D017EDB768E8E017DD960 /* SprayWall */,
				DFB921E5759565457D4E2584 /* SprayWall-macOS */,
				762B9EF12B726A81BD102217 /* SprayWallTests */,
			);
		};
/* End PBXProject section */

/* Begin PBXResourcesBuildPhase section */
		51813A185A714ACA12695553 /* Resources */ = {
			isa = PBXResourcesBuildPhase;
			buildActionMask = 2147483647;
			files = (
			);
			runOnlyForDeploymentPostprocessing = 0;
		};
		D9EECD55070A4D71C6C8392D /* Resources */ = {
			isa = PBXResourcesBuildPhase;
			buildActionMask = 2147483647;
			files = (
			);
			runOnlyForDeploymentPostprocessing = 0;
		};
		E0FEF8DDED9260614B9C19CD /* Resources */ = {
			isa = PBXResourcesBuildPhase;
			buildActionMask = 2147483647;
			files = (
			);
			runOnlyForDeploymentPostprocessing = 0;
		};
/* End PBXResourcesBuildPhase section */

/* Begin PBXSourcesBuildPhase section */
		7F823836D49BE8A9479DE651 /* Sources */ = {
			isa = PBXSourcesBuildPhase;
			buildActionMask = 2147483647;
			files = (
				0AACF617B9A1C6DA6B89F3B1 /* CSVIntCodecTests.swift in Sources */,
				B31C772CA5C3F7CD6875A763 /* ImageRectificationServiceTests.swift in Sources */,
			);
			runOnlyForDeploymentPostprocessing = 0;
		};
		E72B66EF90B4A5A88693CA1C /* Sources */ = {
			isa = PBXSourcesBuildPhase;
			buildActionMask = 2147483647;
			files = (
				023C62C06E12DD145BD66317 /* AppModel.swift in Sources */,
				C1C42A3790F2FC9AABE4DDE6 /* AppTabView.swift in Sources */,
				0BD972268E18EF1147807979 /* RootView.swift in Sources */,
				4A07D93D0F28584A86F6472F /* SprayWallApp.swift in Sources */,
				F5E9BE31F5A90B0725C0E434 /* Attempt.swift in Sources */,
				D6CA5AB69BC527DC5504529A /* Boulder.swift in Sources */,
				DB19091870DABAA5A78D00B8 /* CalibrationPoint.swift in Sources */,
				74B1DEA3229E9A60154579CA /* DomainEnums.swift in Sources */,
				1F4FD93C51BA2C505E30AD74 /* Hold.swift in Sources */,
				60B6E47B67992D838BD5E76B /* ModelIdentifiableExtensions.swift in Sources */,
				2AD2ED5DA7D39F936DB9F325 /* Route.swift in Sources */,
				E9D0B5755F7CA119BBD30E71 /* UserAccount.swift in Sources */,
				AB6A5D9E59FEC53F0E756117 /* WallCalibration.swift in Sources */,
				A3EE054F24DA0A7A139079E3 /* AuthService.swift in Sources */,
				0541A92F5777197C0981F269 /* HoldMigrationService.swift in Sources */,
				B69DBAB6B2B4DF11792E0052 /* IDService.swift in Sources */,
				782CE6780472496881D8C76E /* ImageRectificationService.swift in Sources */,
				8A9762BED1A2CFE1F6B293F9 /* ProjectArchiveService.swift in Sources */,
				FED75A3042C35628CB7086E7 /* CSVIntCodec.swift in Sources */,
				2A14969413F49ACFED98B5C6 /* WallProjectPaths.swift in Sources */,
				3DC3311881BDAEAD75C72ED3 /* WallSpec.swift in Sources */,
				B2C76EC514D1BF98377B1492 /* AttemptLoggerView.swift in Sources */,
				F519142A8AAA0AA7167BE775 /* AuthView.swift in Sources */,
				D2F786E990D69C3E35028589 /* BoulderEditorView.swift in Sources */,
				C227B2AFF406946E31905629 /* BoulderListView.swift in Sources */,
				D427A973DE4C094A3EB9405F /* CalibrationView.swift in Sources */,
				72132D892C7A1C416C8F2C3E /* HoldDetailView.swift in Sources */,
				98184D12E97F1CC356A64FDB /* HoldEditorView.swift in Sources */,
				B15F2C081D63921E11C065B9 /* RouteDetailView.swift in Sources */,
				B3993AD1E9DDAC606F862C31 /* RouteEditorView.swift in Sources */,
				4B14265540DFB96ABDF4B037 /* SettingsView.swift in Sources */,
				023C9B6ACB834C68B10E3B8B /* HoldMarkerView.swift in Sources */,
			);
			runOnlyForDeploymentPostprocessing = 0;
		};
		EEA522057852B06E782B6C0F /* Sources */ = {
			isa = PBXSourcesBuildPhase;
			buildActionMask = 2147483647;
			files = (
				49B13B652909C187B07460BD /* AppModel.swift in Sources */,
				C9D06880663B298DE35CF14D /* AppTabView.swift in Sources */,
				27B1C0D16A36E8719D5DD01A /* RootView.swift in Sources */,
				01CD6A6A20092D39C9A47235 /* SprayWallApp.swift in Sources */,
				3770325321CA9DDD5370598F /* Attempt.swift in Sources */,
				EAEF81FC81EA372B261579A3 /* Boulder.swift in Sources */,
				8BE275574074AE4B5A3CACF7 /* CalibrationPoint.swift in Sources */,
				F0B57C2AEE5A51E808DA787C /* DomainEnums.swift in Sources */,
				B0CAD6E5FBE06B0A1E226809 /* Hold.swift in Sources */,
				5FA212DB655EF9EBF12DA141 /* ModelIdentifiableExtensions.swift in Sources */,
				CEED8DCBDDA9D65585348DCE /* Route.swift in Sources */,
				01B36435C2FF32C9E3892A54 /* UserAccount.swift in Sources */,
				A7DA973A90A9C54EB35B4775 /* WallCalibration.swift in Sources */,
				99A300AF66906C180770A794 /* AuthService.swift in Sources */,
				064E91526154A22F2A235D7F /* HoldMigrationService.swift in Sources */,
				2219E5D2D32E31E859F92A55 /* IDService.swift in Sources */,
				1F7FF2EC44DD8BF7260D2EDF /* ImageRectificationService.swift in Sources */,
				0C9358C537D719EB58DDDAC5 /* ProjectArchiveService.swift in Sources */,
				11230505FD69166EF4E64A75 /* CSVIntCodec.swift in Sources */,
				B1E159AA28A9A9D02464796B /* WallProjectPaths.swift in Sources */,
				47229E0F78AA2D2C0DBCCD72 /* WallSpec.swift in Sources */,
				83487983BCC83CD7A5820CFC /* AttemptLoggerView.swift in Sources */,
				C8A1E4B860EDBF291863D49F /* AuthView.swift in Sources */,
				7B72C542F833265F8AEAF903 /* BoulderEditorView.swift in Sources */,
				B95B6CF93BFBC05752DAAAD4 /* BoulderListView.swift in Sources */,
				742B9CEF4117A3F7E17EC8E9 /* CalibrationView.swift in Sources */,
				2B9045989E73D7591B781168 /* HoldDetailView.swift in Sources */,
				9571FE9B485E411403546C48 /* HoldEditorView.swift in Sources */,
				7208B3DAFFC49664C7A953BC /* RouteDetailView.swift in Sources */,
				1FBACBE3E2B532A86AB9101E /* RouteEditorView.swift in Sources */,
				40D25C4348E5CF785C7819B7 /* SettingsView.swift in Sources */,
				72D1D1AFD873F2DE4E5CA0EF /* HoldMarkerView.swift in Sources */,
			);
			runOnlyForDeploymentPostprocessing = 0;
		};
/* End PBXSourcesBuildPhase section */

/* Begin PBXTargetDependency section */
		5141CF3EC4A614929FD5A503 /* PBXTargetDependency */ = {
			isa = PBXTargetDependency;
			name = SprayWall;
			target = 081D017EDB768E8E017DD960 /* SprayWall */;
			targetProxy = F6EFEAFF0D6C9951E28687B7 /* PBXContainerItemProxy */;
		};
/* End PBXTargetDependency section */

/* Begin XCBuildConfiguration section */
		1A97C6A66D69F210E62B8A00 /* Release */ = {
			isa = XCBuildConfiguration;
			buildSettings = {
				ASSETCATALOG_COMPILER_APPICON_NAME = AppIcon;
				ASSETCATALOG_COMPILER_GLOBAL_ACCENT_COLOR_NAME = AccentColor;
				CLANG_ENABLE_OBJC_WEAK = NO;
				CODE_SIGN_STYLE = Automatic;
				GENERATE_INFOPLIST_FILE = YES;
				INFOPLIST_KEY_UIApplicationSceneManifest_Generation = YES;
				INFOPLIST_KEY_UIApplicationSupportsIndirectInputEvents = YES;
				INFOPLIST_KEY_UILaunchScreen_Generation = YES;
				INFOPLIST_KEY_UISupportedInterfaceOrientations_iPad = "UIInterfaceOrientationPortrait UIInterfaceOrientationPortraitUpsideDown UIInterfaceOrientationLandscapeLeft UIInterfaceOrientationLandscapeRight";
				INFOPLIST_KEY_UISupportedInterfaceOrientations_iPhone = "UIInterfaceOrientationPortrait UIInterfaceOrientationLandscapeLeft UIInterfaceOrientationLandscapeRight";
				IPHONEOS_DEPLOYMENT_TARGET = 17.0;
				LD_RUNPATH_SEARCH_PATHS = "$(inherited) @executable_path/Frameworks";
				PRODUCT_BUNDLE_IDENTIFIER = com.spraywall.app;
				PRODUCT_NAME = SprayWall;
				SDKROOT = iphoneos;
				SUPPORTED_PLATFORMS = "iphoneos iphonesimulator";
				SWIFT_EMIT_LOC_STRINGS = YES;
				SWIFT_VERSION = 6.0;
				TARGETED_DEVICE_FAMILY = "1,2";
				VALIDATE_PRODUCT = YES;
			};
			name = Release;
		};
		487B4B413E59A3217C16E606 /* Debug */ = {
			isa = XCBuildConfiguration;
			buildSettings = {
				ASSETCATALOG_COMPILER_APPICON_NAME = AppIcon;
				ASSETCATALOG_COMPILER_GLOBAL_ACCENT_COLOR_NAME = AccentColor;
				CODE_SIGN_STYLE = Automatic;
				COMBINE_HIDPI_IMAGES = YES;
				GENERATE_INFOPLIST_FILE = YES;
				LD_RUNPATH_SEARCH_PATHS = "$(inherited) @executable_path/../Frameworks";
				MACOSX_DEPLOYMENT_TARGET = 14.0;
				PRODUCT_BUNDLE_IDENTIFIER = com.spraywall.app.macos;
				PRODUCT_NAME = "SprayWall-macOS";
				SDKROOT = macosx;
				SUPPORTED_PLATFORMS = macosx;
				SWIFT_VERSION = 6.0;
			};
			name = Debug;
		};
		7DA2109716D576339D966E5C /* Release */ = {
			isa = XCBuildConfiguration;
			buildSettings = {
				ASSETCATALOG_COMPILER_APPICON_NAME = AppIcon;
				ASSETCATALOG_COMPILER_GLOBAL_ACCENT_COLOR_NAME = AccentColor;
				CODE_SIGN_STYLE = Automatic;
				COMBINE_HIDPI_IMAGES = YES;
				GENERATE_INFOPLIST_FILE = YES;
				LD_RUNPATH_SEARCH_PATHS = "$(inherited) @executable_path/../Frameworks";
				MACOSX_DEPLOYMENT_TARGET = 14.0;
				PRODUCT_BUNDLE_IDENTIFIER = com.spraywall.app.macos;
				PRODUCT_NAME = "SprayWall-macOS";
				SDKROOT = macosx;
				SUPPORTED_PLATFORMS = macosx;
				SWIFT_VERSION = 6.0;
			};
			name = Release;
		};
		8EB36541E4D58114926F13F7 /* Debug */ = {
			isa = XCBuildConfiguration;
			buildSettings = {
				BUNDLE_LOADER = "$(TEST_HOST)";
				CLANG_ENABLE_OBJC_WEAK = NO;
				CODE_SIGN_STYLE = Automatic;
				GENERATE_INFOPLIST_FILE = YES;
				IPHONEOS_DEPLOYMENT_TARGET = 17.0;
				LD_RUNPATH_SEARCH_PATHS = "$(inherited) @executable_path/Frameworks @loader_path/Frameworks";
				PRODUCT_BUNDLE_IDENTIFIER = com.spraywall.app.tests;
				PRODUCT_NAME = SprayWallTests;
				SDKROOT = iphoneos;
				SWIFT_VERSION = 6.0;
				TARGETED_DEVICE_FAMILY = "1,2";
				TEST_HOST = "$(BUILT_PRODUCTS_DIR)/SprayWall.app/SprayWall";
			};
			name = Debug;
		};
		92AE31A0F7C14F3AF5D32376 /* Release */ = {
			isa = XCBuildConfiguration;
			buildSettings = {
				ALWAYS_SEARCH_USER_PATHS = NO;
				CLANG_ANALYZER_NONNULL = YES;
				CLANG_ANALYZER_NUMBER_OBJECT_CONVERSION = YES_AGGRESSIVE;
				CLANG_CXX_LANGUAGE_STANDARD = "gnu++14";
				CLANG_CXX_LIBRARY = "libc++";
				CLANG_ENABLE_MODULES = YES;
				CLANG_ENABLE_OBJC_ARC = YES;
				CLANG_ENABLE_OBJC_WEAK = YES;
				CLANG_WARN_BLOCK_CAPTURE_AUTORELEASING = YES;
				CLANG_WARN_BOOL_CONVERSION = YES;
				CLANG_WARN_COMMA = YES;
				CLANG_WARN_CONSTANT_CONVERSION = YES;
				CLANG_WARN_DEPRECATED_OBJC_IMPLEMENTATIONS = YES;
				CLANG_WARN_DIRECT_OBJC_ISA_USAGE = YES_ERROR;
				CLANG_WARN_DOCUMENTATION_COMMENTS = YES;
				CLANG_WARN_EMPTY_BODY = YES;
				CLANG_WARN_ENUM_CONVERSION = YES;
				CLANG_WARN_INFINITE_RECURSION = YES;
				CLANG_WARN_INT_CONVERSION = YES;
				CLANG_WARN_NON_LITERAL_NULL_CONVERSION = YES;
				CLANG_WARN_OBJC_IMPLICIT_RETAIN_SELF = YES;
				CLANG_WARN_OBJC_LITERAL_CONVERSION = YES;
				CLANG_WARN_OBJC_ROOT_CLASS = YES_ERROR;
				CLANG_WARN_QUOTED_INCLUDE_IN_FRAMEWORK_HEADER = YES;
				CLANG_WARN_RANGE_LOOP_ANALYSIS = YES;
				CLANG_WARN_STRICT_PROTOTYPES = YES;
				CLANG_WARN_SUSPICIOUS_MOVE = YES;
				CLANG_WARN_UNGUARDED_AVAILABILITY = YES_AGGRESSIVE;
				CLANG_WARN_UNREACHABLE_CODE = YES;
				CLANG_WARN__DUPLICATE_METHOD_MATCH = YES;
				COPY_PHASE_STRIP = NO;
				DEBUG_INFORMATION_FORMAT = "dwarf-with-dsym";
				ENABLE_NS_ASSERTIONS = NO;
				ENABLE_STRICT_OBJC_MSGSEND = YES;
				GCC_C_LANGUAGE_STANDARD = gnu11;
				GCC_NO_COMMON_BLOCKS = YES;
				GCC_WARN_64_TO_32_BIT_CONVERSION = YES;
				GCC_WARN_ABOUT_RETURN_TYPE = YES_ERROR;
				GCC_WARN_UNDECLARED_SELECTOR = YES;
				GCC_WARN_UNINITIALIZED_AUTOS = YES_AGGRESSIVE;
				GCC_WARN_UNUSED_FUNCTION = YES;
				GCC_WARN_UNUSED_VARIABLE = YES;
				MTL_ENABLE_DEBUG_INFO = NO;
				MTL_FAST_MATH = YES;
				PRODUCT_NAME = "$(TARGET_NAME)";
				SWIFT_COMPILATION_MODE = wholemodule;
				SWIFT_OPTIMIZATION_LEVEL = "-O";
				SWIFT_VERSION = 5.0;
			};
			name = Release;
		};
		AEEFA9605D93E640871C8B01 /* Debug */ = {
			isa = XCBuildConfiguration;
			buildSettings = {
				ALWAYS_SEARCH_USER_PATHS = NO;
				CLANG_ANALYZER_NONNULL = YES;
				CLANG_ANALYZER_NUMBER_OBJECT_CONVERSION = YES_AGGRESSIVE;
				CLANG_CXX_LANGUAGE_STANDARD = "gnu++14";
				CLANG_CXX_LIBRARY = "libc++";
				CLANG_ENABLE_MODULES = YES;
				CLANG_ENABLE_OBJC_ARC = YES;
				CLANG_ENABLE_OBJC_WEAK = YES;
				CLANG_WARN_BLOCK_CAPTURE_AUTORELEASING = YES;
				CLANG_WARN_BOOL_CONVERSION = YES;
				CLANG_WARN_COMMA = YES;
				CLANG_WARN_CONSTANT_CONVERSION = YES;
				CLANG_WARN_DEPRECATED_OBJC_IMPLEMENTATIONS = YES;
				CLANG_WARN_DIRECT_OBJC_ISA_USAGE = YES_ERROR;
				CLANG_WARN_DOCUMENTATION_COMMENTS = YES;
				CLANG_WARN_EMPTY_BODY = YES;
				CLANG_WARN_ENUM_CONVERSION = YES;
				CLANG_WARN_INFINITE_RECURSION = YES;
				CLANG_WARN_INT_CONVERSION = YES;
				CLANG_WARN_NON_LITERAL_NULL_CONVERSION = YES;
				CLANG_WARN_OBJC_IMPLICIT_RETAIN_SELF = YES;
				CLANG_WARN_OBJC_LITERAL_CONVERSION = YES;
				CLANG_WARN_OBJC_ROOT_CLASS = YES_ERROR;
				CLANG_WARN_QUOTED_INCLUDE_IN_FRAMEWORK_HEADER = YES;
				CLANG_WARN_RANGE_LOOP_ANALYSIS = YES;
				CLANG_WARN_STRICT_PROTOTYPES = YES;
				CLANG_WARN_SUSPICIOUS_MOVE = YES;
				CLANG_WARN_UNGUARDED_AVAILABILITY = YES_AGGRESSIVE;
				CLANG_WARN_UNREACHABLE_CODE = YES;
				CLANG_WARN__DUPLICATE_METHOD_MATCH = YES;
				COPY_PHASE_STRIP = NO;
				DEBUG_INFORMATION_FORMAT = dwarf;
				ENABLE_STRICT_OBJC_MSGSEND = YES;
				ENABLE_TESTABILITY = YES;
				GCC_C_LANGUAGE_STANDARD = gnu11;
				GCC_DYNAMIC_NO_PIC = NO;
				GCC_NO_COMMON_BLOCKS = YES;
				GCC_OPTIMIZATION_LEVEL = 0;
				GCC_PREPROCESSOR_DEFINITIONS = (
					"DEBUG=1",
					"$(inherited)",
				);
				GCC_WARN_64_TO_32_BIT_CONVERSION = YES;
				GCC_WARN_ABOUT_RETURN_TYPE = YES_ERROR;
				GCC_WARN_UNDECLARED_SELECTOR = YES;
				GCC_WARN_UNINITIALIZED_AUTOS = YES_AGGRESSIVE;
				GCC_WARN_UNUSED_FUNCTION = YES;
				GCC_WARN_UNUSED_VARIABLE = YES;
				MTL_ENABLE_DEBUG_INFO = INCLUDE_SOURCE;
				MTL_FAST_MATH = YES;
				ONLY_ACTIVE_ARCH = YES;
				PRODUCT_NAME = "$(TARGET_NAME)";
				SWIFT_ACTIVE_COMPILATION_CONDITIONS = DEBUG;
				SWIFT_OPTIMIZATION_LEVEL = "-Onone";
				SWIFT_VERSION = 5.0;
			};
			name = Debug;
		};
		C2DD46F2AC32EF1929647172 /* Release */ = {
			isa = XCBuildConfiguration;
			buildSettings = {
				BUNDLE_LOADER = "$(TEST_HOST)";
				CLANG_ENABLE_OBJC_WEAK = NO;
				CODE_SIGN_STYLE = Automatic;
				GENERATE_INFOPLIST_FILE = YES;
				IPHONEOS_DEPLOYMENT_TARGET = 17.0;
				LD_RUNPATH_SEARCH_PATHS = "$(inherited) @executable_path/Frameworks @loader_path/Frameworks";
				PRODUCT_BUNDLE_IDENTIFIER = com.spraywall.app.tests;
				PRODUCT_NAME = SprayWallTests;
				SDKROOT = iphoneos;
				SWIFT_VERSION = 6.0;
				TARGETED_DEVICE_FAMILY = "1,2";
				TEST_HOST = "$(BUILT_PRODUCTS_DIR)/SprayWall.app/SprayWall";
				VALIDATE_PRODUCT = YES;
			};
			name = Release;
		};
		F82F0C6139B7F46231E23A35 /* Debug */ = {
			isa = XCBuildConfiguration;
			buildSettings = {
				ASSETCATALOG_COMPILER_APPICON_NAME = AppIcon;
				ASSETCATALOG_COMPILER_GLOBAL_ACCENT_COLOR_NAME = AccentColor;
				CLANG_ENABLE_OBJC_WEAK = NO;
				CODE_SIGN_STYLE = Automatic;
				GENERATE_INFOPLIST_FILE = YES;
				INFOPLIST_KEY_UIApplicationSceneManifest_Generation = YES;
				INFOPLIST_KEY_UIApplicationSupportsIndirectInputEvents = YES;
				INFOPLIST_KEY_UILaunchScreen_Generation = YES;
				INFOPLIST_KEY_UISupportedInterfaceOrientations_iPad = "UIInterfaceOrientationPortrait UIInterfaceOrientationPortraitUpsideDown UIInterfaceOrientationLandscapeLeft UIInterfaceOrientationLandscapeRight";
				INFOPLIST_KEY_UISupportedInterfaceOrientations_iPhone = "UIInterfaceOrientationPortrait UIInterfaceOrientationLandscapeLeft UIInterfaceOrientationLandscapeRight";
				IPHONEOS_DEPLOYMENT_TARGET = 17.0;
				LD_RUNPATH_SEARCH_PATHS = "$(inherited) @executable_path/Frameworks";
				PRODUCT_BUNDLE_IDENTIFIER = com.spraywall.app;
				PRODUCT_NAME = SprayWall;
				SDKROOT = iphoneos;
				SUPPORTED_PLATFORMS = "iphoneos iphonesimulator";
				SWIFT_EMIT_LOC_STRINGS = YES;
				SWIFT_VERSION = 6.0;
				TARGETED_DEVICE_FAMILY = "1,2";
			};
			name = Debug;
		};
/* End XCBuildConfiguration section */

/* Begin XCConfigurationList section */
		2DF14752922592F519036EF7 /* Build configuration list for PBXNativeTarget "SprayWall-macOS" */ = {
			isa = XCConfigurationList;
			buildConfigurations = (
				7DA2109716D576339D966E5C /* Release */,
				487B4B413E59A3217C16E606 /* Debug */,
			);
			defaultConfigurationIsVisible = 0;
			defaultConfigurationName = Release;
		};
		2FFEEB195A4978B7977E8377 /* Build configuration list for PBXProject "SprayWall" */ = {
			isa = XCConfigurationList;
			buildConfigurations = (
				AEEFA9605D93E640871C8B01 /* Debug */,
				92AE31A0F7C14F3AF5D32376 /* Release */,
			);
			defaultConfigurationIsVisible = 0;
			defaultConfigurationName = Release;
		};
		4D6DD4736EFD3B259D6DB10C /* Build configuration list for PBXNativeTarget "SprayWallTests" */ = {
			isa = XCConfigurationList;
			buildConfigurations = (
				C2DD46F2AC32EF1929647172 /* Release */,
				8EB36541E4D58114926F13F7 /* Debug */,
			);
			defaultConfigurationIsVisible = 0;
			defaultConfigurationName = Release;
		};
		8F39BCD459007DFD4ACE177F /* Build configuration list for PBXNativeTarget "SprayWall" */ = {
			isa = XCConfigurationList;
			buildConfigurations = (
				1A97C6A66D69F210E62B8A00 /* Release */,
				F82F0C6139B7F46231E23A35 /* Debug */,
			);
			defaultConfigurationIsVisible = 0;
			defaultConfigurationName = Release;
		};
/* End XCConfigurationList section */
	};
	rootObject = 678D03C78DBE3B3CE4267690 /* Project object */;
}
